{
    "_meta": {
        "hash": {
            "sha256": "5c6e8bdf9dc15d91ca122710587b8ec868fec8f502e9f0a4dd34746f3e562207"
        },
        "pipfile-spec": 6,
        "requires": {},
        "sources": [
            {
                "name": "pypi",
                "url": "https://pypi.org/simple",
                "verify_ssl": true
            }
        ]
    },
    "default": {},
    "develop": {}
}
